
Microsoft Visual Studio Solution File, Format Version 12.00
# Visual Studio 15
VisualStudioVersion = 15.0.26730.16
MinimumVisualStudioVersion = 10.0.40219.1
Project("{FAE04EC0-301F-11D3-BF4B-00C04F79EFBC}") = "Metodo_de_burbuja", "Metodo_de_burbuja\Metodo_de_burbuja.csproj", "{77CFB7DB-CAD0-4352-9C53-747D5502B3B4}"
EndProject
Global
	GlobalSection(SolutionConfigurationPlatforms) = preSolution
		Debug|Any CPU = Debug|Any CPU
		Release|Any CPU = Release|Any CPU
	EndGlobalSection
	GlobalSection(ProjectConfigurationPlatforms) = postSolution
		{77CFB7DB-CAD0-4352-9C53-747D5502B3B4}.Debug|Any CPU.ActiveCfg = Debug|Any CPU
		{77CFB7DB-CAD0-4352-9C53-747D5502B3B4}.Debug|Any CPU.Build.0 = Debug|Any CPU
		{77CFB7DB-CAD0-4352-9C53-747D5502B3B4}.Release|Any CPU.ActiveCfg = Release|Any CPU
		{77CFB7DB-CAD0-4352-9C53-747D5502B3B4}.Release|Any CPU.Build.0 = Release|Any CPU
	EndGlobalSection
	GlobalSection(SolutionProperties) = preSolution
		HideSolutionNode = FALSE
	EndGlobalSection
	GlobalSection(ExtensibilityGlobals) = postSolution
		SolutionGuid = {AADE5F2E-4455-4F30-8581-CE162D1B07D1}
	EndGlobalSection
EndGlobal
